
Microsoft Visual Studio Solution File, Format Version 12.00
# Visual Studio 15
VisualStudioVersion = 15.0.28307.168
MinimumVisualStudioVersion = 10.0.40219.1
Project("{FAE04EC0-301F-11D3-BF4B-00C04F79EFBC}") = "Northwind.Repositorios.SqlServer", "Northwind.Repositorios.SqlServer\Northwind.Repositorios.SqlServer.csproj", "{FAC444C1-8218-4ED9-8410-CED1A2B745B8}"
EndProject
Project("{FAE04EC0-301F-11D3-BF4B-00C04F79EFBC}") = "Northwind.Dominio", "Northwind.Dominio\Northwind.Dominio.csproj", "{DDEE30D9-B54F-4B70-B29E-57042F60A83E}"
EndProject
Project("{FAE04EC0-301F-11D3-BF4B-00C04F79EFBC}") = "Northwind.Aplicacao", "Northwind.Aplicacao\Northwind.Aplicacao.csproj", "{6ABBDA6E-3176-435A-81DE-6165BE45FC9A}"
EndProject
Global
	GlobalSection(SolutionConfigurationPlatforms) = preSolution
		Debug|Any CPU = Debug|Any CPU
		Release|Any CPU = Release|Any CPU
	EndGlobalSection
	GlobalSection(ProjectConfigurationPlatforms) = postSolution
		{FAC444C1-8218-4ED9-8410-CED1A2B745B8}.Debug|Any CPU.ActiveCfg = Debug|Any CPU
		{FAC444C1-8218-4ED9-8410-CED1A2B745B8}.Debug|Any CPU.Build.0 = Debug|Any CPU
		{FAC444C1-8218-4ED9-8410-CED1A2B745B8}.Release|Any CPU.ActiveCfg = Release|Any CPU
		{FAC444C1-8218-4ED9-8410-CED1A2B745B8}.Release|Any CPU.Build.0 = Release|Any CPU
		{DDEE30D9-B54F-4B70-B29E-57042F60A83E}.Debug|Any CPU.ActiveCfg = Debug|Any CPU
		{DDEE30D9-B54F-4B70-B29E-57042F60A83E}.Debug|Any CPU.Build.0 = Debug|Any CPU
		{DDEE30D9-B54F-4B70-B29E-57042F60A83E}.Release|Any CPU.ActiveCfg = Release|Any CPU
		{DDEE30D9-B54F-4B70-B29E-57042F60A83E}.Release|Any CPU.Build.0 = Release|Any CPU
		{6ABBDA6E-3176-435A-81DE-6165BE45FC9A}.Debug|Any CPU.ActiveCfg = Debug|Any CPU
		{6ABBDA6E-3176-435A-81DE-6165BE45FC9A}.Debug|Any CPU.Build.0 = Debug|Any CPU
		{6ABBDA6E-3176-435A-81DE-6165BE45FC9A}.Release|Any CPU.ActiveCfg = Release|Any CPU
		{6ABBDA6E-3176-435A-81DE-6165BE45FC9A}.Release|Any CPU.Build.0 = Release|Any CPU
	EndGlobalSection
	GlobalSection(SolutionProperties) = preSolution
		HideSolutionNode = FALSE
	EndGlobalSection
	GlobalSection(ExtensibilityGlobals) = postSolution
		SolutionGuid = {4255412E-D160-4254-A45D-B06E2D0C9681}
	EndGlobalSection
EndGlobal
